{
  "name": "@base-app-toolbox/ngrx-user-management",
  "requires": true,
  "lockfileVersion": 1,
  "dependencies": {
    "@ngrx/entity": {
      "version": "6.1.0",
      "resolved": "https://registry.npmjs.org/@ngrx/entity/-/entity-6.1.0.tgz",
      "integrity": "sha512-hUi+ejnyCtK1vYQHq1mvrkp0mxzqvw9kxluuzOQkb89A3JruBOFBV/TwpXNo8EU+FJZ+SacZoEDadBuZKkIA5g==",
      "dev": true
    },
    "@ngrx/store": {
      "version": "6.1.0",
      "resolved": "https://registry.npmjs.org/@ngrx/store/-/store-6.1.0.tgz",
      "integrity": "sha512-H5BGym1WtAX84/R4pTQ2MrrP87qYfXc6CoPghCZCK9LYxCodsI7KeQfpyNCg5qapxdH2EDqlHXTBJfMTLRiRGg==",
      "dev": true
    }
  }
}
