{
  "name": "@base-app-toolbox/user-management",
  "requires": true,
  "lockfileVersion": 1,
  "dependencies": {
    "@angular/core": {
      "version": "6.1.10",
      "resolved": "https://registry.npmjs.org/@angular/core/-/core-6.1.10.tgz",
      "integrity": "sha512-61l3rIQTVdT45eOf6/fBJIeVmV10mcrxqS4N/1OWkuDT29YSJTZSxGcv8QjAyyutuhcqWWpO6gVRkN07rWmkPg==",
      "dev": true,
      "requires": {
        "tslib": "1.9.3"
      }
    },
    "@ngrx/entity": {
      "version": "6.1.0",
      "resolved": "https://registry.npmjs.org/@ngrx/entity/-/entity-6.1.0.tgz",
      "integrity": "sha512-hUi+ejnyCtK1vYQHq1mvrkp0mxzqvw9kxluuzOQkb89A3JruBOFBV/TwpXNo8EU+FJZ+SacZoEDadBuZKkIA5g==",
      "dev": true
    },
    "@ngrx/store": {
      "version": "6.1.0",
      "resolved": "https://registry.npmjs.org/@ngrx/store/-/store-6.1.0.tgz",
      "integrity": "sha512-H5BGym1WtAX84/R4pTQ2MrrP87qYfXc6CoPghCZCK9LYxCodsI7KeQfpyNCg5qapxdH2EDqlHXTBJfMTLRiRGg==",
      "dev": true
    },
    "tslib": {
      "version": "1.9.3",
      "resolved": "https://registry.npmjs.org/tslib/-/tslib-1.9.3.tgz",
      "integrity": "sha512-4krF8scpejhaOgqzBEcGM7yDIEfi0/8+8zDRZhNZZ2kjmHJ4hv3zCbQWxoJGz1iw5U0Jl0nma13xzHXcncMavQ==",
      "dev": true
    }
  }
}
